<?xml version="1.0" encoding="utf-8"?>
<Project ToolsVersion="16.0" xmlns="http://schemas.microsoft.com/developer/msbuild/2003">
  <ItemGroup>
    <CustomBuild Include="C:\Projects\autogitpull\build-msvc\CMakeFiles\833d9f98ede6b400333ca7e42e5b6f42\generate.stamp.rule">
      <Filter>CMake Rules</Filter>
    </CustomBuild>
  </ItemGroup>
  <ItemGroup>
    <Filter Include="CMake Rules">
      <UniqueIdentifier>{8200B1EF-B47D-3CC8-9645-5ECEB85B87A6}</UniqueIdentifier>
    </Filter>
  </ItemGroup>
</Project>
